{
  "pins" : [
    {
      "identity" : "openssl-apple",
      "kind" : "remoteSourceControl",
      "location" : "https://github.com/0xBF90E913/openssl-apple",
      "state" : {
        "revision" : "ba67936700c9a8d3621aaac28d9fca463183fd8a",
        "version" : "3.2.110"
      }
    },
    {
      "identity" : "passepartoutvpn-wireguard-apple",
      "kind" : "remoteSourceControl",
      "location" : "https://github.com/mingchen/passepartoutvpn-wireguard-apple",
      "state" : {
        "branch" : "develop",
        "revision" : "7bebd0c8a0f68971153a297329b9ea039a273b58"
      }
    },
    {
      "identity" : "swiftybeaver",
      "kind" : "remoteSourceControl",
      "location" : "https://github.com/SwiftyBeaver/SwiftyBeaver",
      "state" : {
        "revision" : "12b5acf96d98f91d50de447369bd18df74600f1a",
        "version" : "1.9.6"
      }
    },
    {
      "identity" : "wg-go-apple",
      "kind" : "remoteSourceControl",
      "location" : "https://github.com/passepartoutvpn/wg-go-apple",
      "state" : {
        "revision" : "89b513dfaf8b3d76e89fc2b5fe14060dfba4e7e0",
        "version" : "0.0.2025063102"
      }
    }
  ],
  "version" : 2
}
